
Microsoft Visual Studio Solution File, Format Version 12.00
# Visual Studio Version 17
VisualStudioVersion = 17.10.35122.118
MinimumVisualStudioVersion = 10.0.40219.1
Project("{FAE04EC0-301F-11D3-BF4B-00C04F79EFBC}") = "RohiniASP.NetMVC", "RohiniASP.NetMVC.csproj", "{37EFE46E-EC6B-415A-9BFA-5BDC9961F779}"
EndProject
Global
	GlobalSection(SolutionConfigurationPlatforms) = preSolution
		Debug|Any CPU = Debug|Any CPU
		Release|Any CPU = Release|Any CPU
	EndGlobalSection
	GlobalSection(ProjectConfigurationPlatforms) = postSolution
		{37EFE46E-EC6B-415A-9BFA-5BDC9961F779}.Debug|Any CPU.ActiveCfg = Debug|Any CPU
		{37EFE46E-EC6B-415A-9BFA-5BDC9961F779}.Debug|Any CPU.Build.0 = Debug|Any CPU
		{37EFE46E-EC6B-415A-9BFA-5BDC9961F779}.Release|Any CPU.ActiveCfg = Release|Any CPU
		{37EFE46E-EC6B-415A-9BFA-5BDC9961F779}.Release|Any CPU.Build.0 = Release|Any CPU
	EndGlobalSection
	GlobalSection(SolutionProperties) = preSolution
		HideSolutionNode = FALSE
	EndGlobalSection
	GlobalSection(ExtensibilityGlobals) = postSolution
		SolutionGuid = {D7295D44-A20C-4027-B511-1E00E0B59E56}
	EndGlobalSection
EndGlobal
